github.com/mikioh/tcp v0.0.0-20190314235350-803a9b46060c h1:bzE/A84HN25pxAuk9Eej1Kz9OUelF97nAc82bDquQI8=
github.com/mikioh/tcp v0.0.0-20190314235350-803a9b46060c/go.mod h1:0SQS9kMwD2VsyFEB++InYyBJroV/FRmBgcydeSUcJms=
github.com/mikioh/tcpinfo v0.0.0-20190314235526-30a79bb1804b h1:z78hV3sbSMAUoyUMM0I83AUIT6Hu17AWfgjzIbtrYFc=
github.com/mikioh/tcpinfo v0.0.0-20190314235526-30a79bb1804b/go.mod h1:lxPUiZwKoFL8DUUmalo2yJJUCxbPKtm8OKfqr2/FTNU=
github.com/mikioh/tcpopt v0.0.0-20190314235656-172688c1accc h1:PTfri+PuQmWDqERdnNMiD9ZejrlswWrCpBEZgWOiTrc=
github.com/mikioh/tcpopt v0.0.0-20190314235656-172688c1accc/go.mod h1:cGKTAVKx4SxOuR/czcZ/E2RSJ3sfHs8FpHhQ5CWMf9s=
golang.org/x/net v0.24.0 h1:1PcaxkF854Fu3+lvBIx5SYn9wRlBzzcnHZSiaFFAb0w=
golang.org/x/net v0.24.0/go.mod h1:2Q7sJY5mzlzWjKtYUEXSlBWCdyaioyXzRB2RtU8KVE8=
